
Microsoft Visual Studio Solution File, Format Version 12.00
# Visual Studio 15
VisualStudioVersion = 15.0.27004.2002
MinimumVisualStudioVersion = 10.0.40219.1
Project("{FAE04EC0-301F-11D3-BF4B-00C04F79EFBC}") = "ATMMVC", "ATMMVC\ATMMVC.csproj", "{7F9C7656-19CB-4713-941E-7945531D19CF}"
EndProject
Global
	GlobalSection(SolutionConfigurationPlatforms) = preSolution
		Debug|Any CPU = Debug|Any CPU
		Release|Any CPU = Release|Any CPU
	EndGlobalSection
	GlobalSection(ProjectConfigurationPlatforms) = postSolution
		{7F9C7656-19CB-4713-941E-7945531D19CF}.Debug|Any CPU.ActiveCfg = Debug|Any CPU
		{7F9C7656-19CB-4713-941E-7945531D19CF}.Debug|Any CPU.Build.0 = Debug|Any CPU
		{7F9C7656-19CB-4713-941E-7945531D19CF}.Release|Any CPU.ActiveCfg = Release|Any CPU
		{7F9C7656-19CB-4713-941E-7945531D19CF}.Release|Any CPU.Build.0 = Release|Any CPU
	EndGlobalSection
	GlobalSection(SolutionProperties) = preSolution
		HideSolutionNode = FALSE
	EndGlobalSection
	GlobalSection(ExtensibilityGlobals) = postSolution
		SolutionGuid = {153B77BE-0E2C-43F8-8A73-A1FE468528D0}
	EndGlobalSection
EndGlobal
